
Microsoft Visual Studio Solution File, Format Version 12.00
# Visual Studio Version 17
VisualStudioVersion = 17.4.33213.308
MinimumVisualStudioVersion = 10.0.40219.1
Project("{FAE04EC0-301F-11D3-BF4B-00C04F79EFBC}") = "Library_Anumu_Ingride", "Library_Anumu_Ingride.csproj", "{6B5BDB17-22C7-4ED2-9A40-51634A0F645B}"
EndProject
Global
	GlobalSection(SolutionConfigurationPlatforms) = preSolution
		Debug|Any CPU = Debug|Any CPU
		Release|Any CPU = Release|Any CPU
	EndGlobalSection
	GlobalSection(ProjectConfigurationPlatforms) = postSolution
		{6B5BDB17-22C7-4ED2-9A40-51634A0F645B}.Debug|Any CPU.ActiveCfg = Debug|Any CPU
		{6B5BDB17-22C7-4ED2-9A40-51634A0F645B}.Debug|Any CPU.Build.0 = Debug|Any CPU
		{6B5BDB17-22C7-4ED2-9A40-51634A0F645B}.Release|Any CPU.ActiveCfg = Release|Any CPU
		{6B5BDB17-22C7-4ED2-9A40-51634A0F645B}.Release|Any CPU.Build.0 = Release|Any CPU
	EndGlobalSection
	GlobalSection(SolutionProperties) = preSolution
		HideSolutionNode = FALSE
	EndGlobalSection
	GlobalSection(ExtensibilityGlobals) = postSolution
		SolutionGuid = {951C0DB0-BF6E-49EE-ADCD-108B265B47C6}
	EndGlobalSection
EndGlobal
